
Microsoft Visual Studio Solution File, Format Version 12.00
Project("{FAE04EC0-301F-11D3-BF4B-00C04F79EFBC}") = "Revvy", "Revvy\Revvy.csproj", "{548D0613-6A0C-4719-85EB-E7738139CAC0}"
EndProject
Project("{FAE04EC0-301F-11D3-BF4B-00C04F79EFBC}") = "RevvyUnitTests", "RevvyUnitTests\RevvyUnitTests.csproj", "{B82572B0-51F8-4844-960B-2872AF974A97}"
EndProject
Global
	GlobalSection(SolutionConfigurationPlatforms) = preSolution
		Debug|Any CPU = Debug|Any CPU
		Release|Any CPU = Release|Any CPU
	EndGlobalSection
	GlobalSection(ProjectConfigurationPlatforms) = postSolution
		{548D0613-6A0C-4719-85EB-E7738139CAC0}.Debug|Any CPU.ActiveCfg = Debug|Any CPU
		{548D0613-6A0C-4719-85EB-E7738139CAC0}.Debug|Any CPU.Build.0 = Debug|Any CPU
		{548D0613-6A0C-4719-85EB-E7738139CAC0}.Release|Any CPU.ActiveCfg = Release|Any CPU
		{548D0613-6A0C-4719-85EB-E7738139CAC0}.Release|Any CPU.Build.0 = Release|Any CPU
		{B82572B0-51F8-4844-960B-2872AF974A97}.Debug|Any CPU.ActiveCfg = Debug|Any CPU
		{B82572B0-51F8-4844-960B-2872AF974A97}.Debug|Any CPU.Build.0 = Debug|Any CPU
		{B82572B0-51F8-4844-960B-2872AF974A97}.Release|Any CPU.ActiveCfg = Release|Any CPU
		{B82572B0-51F8-4844-960B-2872AF974A97}.Release|Any CPU.Build.0 = Release|Any CPU
	EndGlobalSection
EndGlobal
